// !$*UTF8*$!
{
	archiveVersion = 1;
	classes = {
	};
	objectVersion = 46;
	objects = {
/* Begin PBXBuildFile section */
		0207DA581B56EA530066E2B4 /* Images.xcassets in Resources */ = {isa = PBXBuildFile; fileRef = 0207DA571B56EA530066E2B4 /* Images.xcassets */; };
		1D3623260D0F684500981E51 /* AppDelegate.m in Sources */ = {isa = PBXBuildFile; fileRef = 1D3623250D0F684500981E51 /* AppDelegate.m */; };
		1D60589B0D05DD56006BFB54 /* main.m in Sources */ = {isa = PBXBuildFile; fileRef = 29B97316FDCFA39411CA2CEA /* main.m */; };
		301BF552109A68D80062928A /* libCordova.a in Frameworks */ = {isa = PBXBuildFile; fileRef = 301BF535109A57CC0062928A /* libCordova.a */; };
		302D95F114D2391D003F00A1 /* MainViewController.m in Sources */ = {isa = PBXBuildFile; fileRef = 302D95EF14D2391D003F00A1 /* MainViewController.m */; };
		302D95F214D2391D003F00A1 /* MainViewController.xib in Resources */ = {isa = PBXBuildFile; fileRef = 302D95F014D2391D003F00A1 /* MainViewController.xib */; };
		3047A5121AB8059700498E2A /* build-debug.xcconfig in Resources */ = {isa = PBXBuildFile; fileRef = 3047A50F1AB8059700498E2A /* build-debug.xcconfig */; };
		3047A5131AB8059700498E2A /* build-release.xcconfig in Resources */ = {isa = PBXBuildFile; fileRef = 3047A5101AB8059700498E2A /* build-release.xcconfig */; };
		3047A5141AB8059700498E2A /* build.xcconfig in Resources */ = {isa = PBXBuildFile; fileRef = 3047A5111AB8059700498E2A /* build.xcconfig */; };
		D89F61331CCC4091BA1E6334 /* CDVLogger.m in Sources */ = {isa = PBXBuildFile; fileRef = 46E532798E3344898D933D0F /* CDVLogger.m */; };
		827CB5E24A2848E7B46FA492 /* IonicKeyboard.m in Sources */ = {isa = PBXBuildFile; fileRef = 1F1D98F0D4F747FCA230B23C /* IonicKeyboard.m */; };
		FB84EF0241C1498CA997B3B9 /* CDVDevice.m in Sources */ = {isa = PBXBuildFile; fileRef = E2AD3C2EBD70441FA7FBD5CA /* CDVDevice.m */; };
		24A527F756B74817A9401C1A /* CDVFile.m in Sources */ = {isa = PBXBuildFile; fileRef = E3570D2F043A454CB27CBA38 /* CDVFile.m */; };
		914AD6B4749F474EA4E3AA1A /* CDVLocalFilesystem.m in Sources */ = {isa = PBXBuildFile; fileRef = A9622C48810F4B388B9FE743 /* CDVLocalFilesystem.m */; };
		07B4052EC8384A189AAA3A76 /* CDVAssetLibraryFilesystem.m in Sources */ = {isa = PBXBuildFile; fileRef = 2DEC56C6C3A04216ADADD97D /* CDVAssetLibraryFilesystem.m */; };
		54819D18C6BC4D4AB8EAF035 /* CDVFileTransfer.m in Sources */ = {isa = PBXBuildFile; fileRef = B4D7C479F9EB4AF18FA52938 /* CDVFileTransfer.m */; };
		4CF76C3F4E4F42149D759F9C /* ZipPlugin.m in Sources */ = {isa = PBXBuildFile; fileRef = 530F21E47D3A4802BAC1E135 /* ZipPlugin.m */; };
		3280BE0969AC426B873C2ACB /* aescrypt.c in Resources */ = {isa = PBXBuildFile; fileRef = 315806FD22C746A1828B97FD /* aescrypt.c */; };
		0AFBDF4B570A49258583260E /* aeskey.c in Resources */ = {isa = PBXBuildFile; fileRef = 1D9F89BB065C460480BD6C2D /* aeskey.c */; };
		EC0B57AEB6724DA288B827CB /* aestab.c in Resources */ = {isa = PBXBuildFile; fileRef = EEA11C4BD5B148DAA4D66097 /* aestab.c */; };
		6C0E8D3F8D88403184703110 /* entropy.c in Resources */ = {isa = PBXBuildFile; fileRef = 5EC74DE7F4F6420798D73618 /* entropy.c */; };
		EE182439520A443FAC7AC934 /* fileenc.c in Resources */ = {isa = PBXBuildFile; fileRef = E4FC92CA4F3F4202976D7B57 /* fileenc.c */; };
		9B64771951594076BA00A6D8 /* hmac.c in Resources */ = {isa = PBXBuildFile; fileRef = 378C586C68804FB89C90AC2E /* hmac.c */; };
		E26AB27EC9E84836A8657603 /* prng.c in Resources */ = {isa = PBXBuildFile; fileRef = 2ADA42517179425286E4C647 /* prng.c */; };
		12D14DD6DFCE457887B0639B /* pwd2key.c in Resources */ = {isa = PBXBuildFile; fileRef = E9A612D22829429384109861 /* pwd2key.c */; };
		18B011AB9ED74041B48D8CD4 /* sha1.c in Resources */ = {isa = PBXBuildFile; fileRef = 71D33163156547CFA3C5CE79 /* sha1.c */; };
		6E49CF9F56884CB5BC89C8D3 /* SSZipArchive.m in Sources */ = {isa = PBXBuildFile; fileRef = 49DC0EAD54434C9994B1B7F1 /* SSZipArchive.m */; };
		133F68C421CC4A78A02F5530 /* zip.c in Resources */ = {isa = PBXBuildFile; fileRef = 5B6BC064FB8F4922AD93C1C5 /* zip.c */; };
		9BCE53E376FC4F7795B60FF0 /* unzip.c in Resources */ = {isa = PBXBuildFile; fileRef = 9F413FF38E594E7E834671C8 /* unzip.c */; };
		7865F0D82AEC45859F23E400 /* mztools.c in Resources */ = {isa = PBXBuildFile; fileRef = 9912D985D10B412A846C7987 /* mztools.c */; };
		26B75CD8D5064E979011C8FA /* ioapi.c in Resources */ = {isa = PBXBuildFile; fileRef = 285DA5DF0EBF414CBB5BEF07 /* ioapi.c */; };
		AE5CBA293EE544A2B4372C12 /* libz.dylib in Frameworks */ = {isa = PBXBuildFile; fileRef = A10663E490934A99B87C061E /* libz.dylib */; };
		9AEDE9C1E00944149F98D247 /* CDVNotification.m in Sources */ = {isa = PBXBuildFile; fileRef = A10C77CCBDF045EE9D7277D1 /* CDVNotification.m */; };
		64F4CDD650C94D3285ADD5DA /* CDVNotification.bundle in Resources */ = {isa = PBXBuildFile; fileRef = 5ADD7ACD03124AD3A182D220 /* CDVNotification.bundle */; };
		B4F6EE838496471E80B77DBB /* AudioToolbox.framework in Frameworks */ = {isa = PBXBuildFile; fileRef = 78589F604CA74BA2A0D3474A /* AudioToolbox.framework */; settings = {ATTRIBUTES = (Weak, ); }; };
		EDFBD7BDF87D49EEB553DF51 /* CDVWKWebViewEngine+CodePush.m in Sources */ = {isa = PBXBuildFile; fileRef = 8222C1F63FDB4307942E4749 /* CDVWKWebViewEngine+CodePush.m */; };
		3D80AA4AF6674E1D8AE7B5B5 /* CodePush.m in Sources */ = {isa = PBXBuildFile; fileRef = F538F793D7634D4687604F97 /* CodePush.m */; };
		9DE68611E2B94BDD93A9EA18 /* CodePushPackageMetadata.m in Sources */ = {isa = PBXBuildFile; fileRef = 0BB59AD0E1A041EFAE786DF5 /* CodePushPackageMetadata.m */; };
		576F830684BC4E8D863F9975 /* CodePushPackageManager.m in Sources */ = {isa = PBXBuildFile; fileRef = 318BEBA4EF5F4A68B210CF8E /* CodePushPackageManager.m */; };
		BB20C5903BCD44479C95E44F /* CodePushReportingManager.m in Sources */ = {isa = PBXBuildFile; fileRef = 54FC1A3BF1CF483BBA07DDB4 /* CodePushReportingManager.m */; };
		B7F45A9FAF8F492BA24F49B1 /* InstallOptions.m in Sources */ = {isa = PBXBuildFile; fileRef = B182FBC3BACE46EEBA49B480 /* InstallOptions.m */; };
		D959C0517328404780A8E4B6 /* StatusReport.m in Sources */ = {isa = PBXBuildFile; fileRef = 9779081C71C54375870E2ECF /* StatusReport.m */; };
		34D8EAFD61214D74AC96B5DE /* UpdateHashUtils.m in Sources */ = {isa = PBXBuildFile; fileRef = FD44ED7658EC4610AAAB1C89 /* UpdateHashUtils.m */; };
		DA7B7056BA7046E2A62A3D86 /* Utilities.m in Sources */ = {isa = PBXBuildFile; fileRef = 843D3BC9547C4BCA87BCAA0E /* Utilities.m */; };
		E680E7B0E9064319B606ECDD /* UIImage+CropScaleOrientation.m in Sources */ = {isa = PBXBuildFile; fileRef = 87428CB5E410492999EAAB59 /* UIImage+CropScaleOrientation.m */; };
		7A31522908904B6688477E47 /* CDVCamera.m in Sources */ = {isa = PBXBuildFile; fileRef = 9D7F6448700247938E561313 /* CDVCamera.m */; };
		F9362B1E39B74802AC0216B0 /* CDVJpegHeaderWriter.m in Sources */ = {isa = PBXBuildFile; fileRef = 517AB647B43A40ADA570A97A /* CDVJpegHeaderWriter.m */; };
		E8642A3B92954476B7F1BFA9 /* ImageIO.framework in Frameworks */ = {isa = PBXBuildFile; fileRef = 3C8E4620AE2C42A6BB11734E /* ImageIO.framework */; settings = {ATTRIBUTES = (Weak, ); }; };
		350945944D2E4534B0DAC286 /* CoreLocation.framework in Frameworks */ = {isa = PBXBuildFile; fileRef = 8E1E78F0329847ADA0975051 /* CoreLocation.framework */; };
		FCA95208238C4AFD95877464 /* AVFoundation.framework in Frameworks */ = {isa = PBXBuildFile; fileRef = AD1C0F30C8194E14836CF30C /* AVFoundation.framework */; };
		0C37937134954F9D84F82BD4 /* CDVLocation.m in Sources */ = {isa = PBXBuildFile; fileRef = 7F608FC35B424BEAAF539B47 /* CDVLocation.m */; };
/* End PBXBuildFile section */

/* Begin PBXContainerItemProxy section */
		301BF534109A57CC0062928A /* PBXContainerItemProxy */ = {
			isa = PBXContainerItemProxy;
			containerPortal = 301BF52D109A57CC0062928A /* CordovaLib.xcodeproj */;
			proxyType = 2;
			remoteGlobalIDString = D2AAC07E0554694100DB518D;
			remoteInfo = CordovaLib;
		};
		301BF550109A68C00062928A /* PBXContainerItemProxy */ = {
			isa = PBXContainerItemProxy;
			containerPortal = 301BF52D109A57CC0062928A /* CordovaLib.xcodeproj */;
			proxyType = 1;
			remoteGlobalIDString = D2AAC07D0554694100DB518D;
			remoteInfo = CordovaLib;
		};
/* End PBXContainerItemProxy section */

/* Begin PBXFileReference section */
		0207DA571B56EA530066E2B4 /* Images.xcassets */ = {isa = PBXFileReference; lastKnownFileType = folder.assetcatalog; name = Images.xcassets; path = "myWell/Images.xcassets"; sourceTree = SOURCE_ROOT; };
		1D3623240D0F684500981E51 /* AppDelegate.h */ = {isa = PBXFileReference; fileEncoding = 4; lastKnownFileType = sourcecode.c.h; path = AppDelegate.h; sourceTree = "<group>"; };
		1D3623250D0F684500981E51 /* AppDelegate.m */ = {isa = PBXFileReference; fileEncoding = 4; lastKnownFileType = sourcecode.c.objc; path = AppDelegate.m; sourceTree = "<group>"; };
		1D6058910D05DD3D006BFB54 /* myWell.app */ = {isa = PBXFileReference; explicitFileType = wrapper.application; includeInIndex = 0; path = "myWell.app"; sourceTree = BUILT_PRODUCTS_DIR; };
		29B97316FDCFA39411CA2CEA /* main.m */ = {isa = PBXFileReference; fileEncoding = 4; lastKnownFileType = sourcecode.c.objc; path = main.m; sourceTree = "<group>"; };
		301BF52D109A57CC0062928A /* CordovaLib.xcodeproj */ = {isa = PBXFileReference; lastKnownFileType = "wrapper.pb-project"; name = CordovaLib.xcodeproj; path = CordovaLib/CordovaLib.xcodeproj; sourceTree = "<group>"; };
		301BF56E109A69640062928A /* www */ = {isa = PBXFileReference; lastKnownFileType = folder; path = www; sourceTree = SOURCE_ROOT; };
		302D95EE14D2391D003F00A1 /* MainViewController.h */ = {isa = PBXFileReference; fileEncoding = 4; lastKnownFileType = sourcecode.c.h; path = MainViewController.h; sourceTree = "<group>"; };
		302D95EF14D2391D003F00A1 /* MainViewController.m */ = {isa = PBXFileReference; fileEncoding = 4; lastKnownFileType = sourcecode.c.objc; path = MainViewController.m; sourceTree = "<group>"; };
		302D95F014D2391D003F00A1 /* MainViewController.xib */ = {isa = PBXFileReference; fileEncoding = 4; lastKnownFileType = file.xib; path = MainViewController.xib; sourceTree = "<group>"; };
		3047A50F1AB8059700498E2A /* build-debug.xcconfig */ = {isa = PBXFileReference; fileEncoding = 4; lastKnownFileType = text.xcconfig; name = "build-debug.xcconfig"; path = cordova/build-debug.xcconfig; sourceTree = SOURCE_ROOT; };
		3047A5101AB8059700498E2A /* build-release.xcconfig */ = {isa = PBXFileReference; fileEncoding = 4; lastKnownFileType = text.xcconfig; name = "build-release.xcconfig"; path = cordova/build-release.xcconfig; sourceTree = SOURCE_ROOT; };
		3047A5111AB8059700498E2A /* build.xcconfig */ = {isa = PBXFileReference; fileEncoding = 4; lastKnownFileType = text.xcconfig; name = build.xcconfig; path = cordova/build.xcconfig; sourceTree = SOURCE_ROOT; };
		32CA4F630368D1EE00C91783 /* myWell-Prefix.pch */ = {isa = PBXFileReference; fileEncoding = 4; lastKnownFileType = sourcecode.c.h; path = "myWell-Prefix.pch"; sourceTree = "<group>"; };
		8D1107310486CEB800E47090 /* myWell-Info.plist */ = {isa = PBXFileReference; fileEncoding = 4; lastKnownFileType = text.plist.xml; name = "myWell-Info.plist"; path = "myWell/myWell-Info.plist"; plistStructureDefinitionIdentifier = "com.apple.xcode.plist.structure-definition.iphone.info-plist"; sourceTree = SOURCE_ROOT; };
		EB87FDF31871DA8E0020F90C /* www */ = {isa = PBXFileReference; lastKnownFileType = folder; name = www; path = ../../www; sourceTree = "<group>"; };
		EB87FDF41871DAF40020F90C /* config.xml */ = {isa = PBXFileReference; lastKnownFileType = text.xml; name = config.xml; path = ../../config.xml; sourceTree = "<group>"; };
		F840E1F0165FE0F500CFE078 /* config.xml */ = {isa = PBXFileReference; lastKnownFileType = text.xml; name = config.xml; path = "myWell/config.xml"; sourceTree = "<group>"; };
		ED33DF2A687741AEAF9F8254 /* Bridging-Header.h */ = {isa = PBXFileReference; fileEncoding = 4; lastKnownFileType = sourcecode.c.h; name = "Bridging-Header.h"; path = "Bridging-Header.h"; sourceTree = "<group>"; };
		46E532798E3344898D933D0F /* CDVLogger.m */ = {isa = PBXFileReference; name = "CDVLogger.m"; path = "cordova-plugin-console/CDVLogger.m"; sourceTree = "<group>"; fileEncoding = 4; lastKnownFileType = sourcecode.c.objc; explicitFileType = undefined; includeInIndex = 0; };
		3F2CD407C8124E8DB12F85CC /* CDVLogger.h */ = {isa = PBXFileReference; name = "CDVLogger.h"; path = "cordova-plugin-console/CDVLogger.h"; sourceTree = "<group>"; fileEncoding = 4; lastKnownFileType = sourcecode.c.h; explicitFileType = undefined; includeInIndex = 0; };
		1F1D98F0D4F747FCA230B23C /* IonicKeyboard.m */ = {isa = PBXFileReference; name = "IonicKeyboard.m"; path = "ionic-plugin-keyboard/IonicKeyboard.m"; sourceTree = "<group>"; fileEncoding = 4; lastKnownFileType = sourcecode.c.objc; explicitFileType = undefined; includeInIndex = 0; };
		D41D19E619EB466FADE8D14F /* IonicKeyboard.h */ = {isa = PBXFileReference; name = "IonicKeyboard.h"; path = "ionic-plugin-keyboard/IonicKeyboard.h"; sourceTree = "<group>"; fileEncoding = 4; lastKnownFileType = sourcecode.c.h; explicitFileType = undefined; includeInIndex = 0; };
		E2AD3C2EBD70441FA7FBD5CA /* CDVDevice.m */ = {isa = PBXFileReference; name = "CDVDevice.m"; path = "cordova-plugin-device/CDVDevice.m"; sourceTree = "<group>"; fileEncoding = 4; lastKnownFileType = sourcecode.c.objc; explicitFileType = undefined; includeInIndex = 0; };
		3FEE18D48F274F92A5EE072C /* CDVDevice.h */ = {isa = PBXFileReference; name = "CDVDevice.h"; path = "cordova-plugin-device/CDVDevice.h"; sourceTree = "<group>"; fileEncoding = 4; lastKnownFileType = sourcecode.c.h; explicitFileType = undefined; includeInIndex = 0; };
		E3570D2F043A454CB27CBA38 /* CDVFile.m */ = {isa = PBXFileReference; name = "CDVFile.m"; path = "cordova-plugin-file/CDVFile.m"; sourceTree = "<group>"; fileEncoding = 4; lastKnownFileType = sourcecode.c.objc; explicitFileType = undefined; includeInIndex = 0; };
		A9622C48810F4B388B9FE743 /* CDVLocalFilesystem.m */ = {isa = PBXFileReference; name = "CDVLocalFilesystem.m"; path = "cordova-plugin-file/CDVLocalFilesystem.m"; sourceTree = "<group>"; fileEncoding = 4; lastKnownFileType = sourcecode.c.objc; explicitFileType = undefined; includeInIndex = 0; };
		2DEC56C6C3A04216ADADD97D /* CDVAssetLibraryFilesystem.m */ = {isa = PBXFileReference; name = "CDVAssetLibraryFilesystem.m"; path = "cordova-plugin-file/CDVAssetLibraryFilesystem.m"; sourceTree = "<group>"; fileEncoding = 4; lastKnownFileType = sourcecode.c.objc; explicitFileType = undefined; includeInIndex = 0; };
		6AA8E61E09A54A87B4D8318F /* CDVFile.h */ = {isa = PBXFileReference; name = "CDVFile.h"; path = "cordova-plugin-file/CDVFile.h"; sourceTree = "<group>"; fileEncoding = 4; lastKnownFileType = sourcecode.c.h; explicitFileType = undefined; includeInIndex = 0; };
		93322224424E4A1586409AFE /* CDVLocalFilesystem.h */ = {isa = PBXFileReference; name = "CDVLocalFilesystem.h"; path = "cordova-plugin-file/CDVLocalFilesystem.h"; sourceTree = "<group>"; fileEncoding = 4; lastKnownFileType = sourcecode.c.h; explicitFileType = undefined; includeInIndex = 0; };
		F02F94C395944194B4E0AA8A /* CDVAssetLibraryFilesystem.h */ = {isa = PBXFileReference; name = "CDVAssetLibraryFilesystem.h"; path = "cordova-plugin-file/CDVAssetLibraryFilesystem.h"; sourceTree = "<group>"; fileEncoding = 4; lastKnownFileType = sourcecode.c.h; explicitFileType = undefined; includeInIndex = 0; };
		B4D7C479F9EB4AF18FA52938 /* CDVFileTransfer.m */ = {isa = PBXFileReference; name = "CDVFileTransfer.m"; path = "cordova-plugin-file-transfer/CDVFileTransfer.m"; sourceTree = "<group>"; fileEncoding = 4; lastKnownFileType = sourcecode.c.objc; explicitFileType = undefined; includeInIndex = 0; };
		3ED7FB5353B74D15A03FC1CC /* CDVFileTransfer.h */ = {isa = PBXFileReference; name = "CDVFileTransfer.h"; path = "cordova-plugin-file-transfer/CDVFileTransfer.h"; sourceTree = "<group>"; fileEncoding = 4; lastKnownFileType = sourcecode.c.h; explicitFileType = undefined; includeInIndex = 0; };
		530F21E47D3A4802BAC1E135 /* ZipPlugin.m */ = {isa = PBXFileReference; name = "ZipPlugin.m"; path = "cordova-plugin-zip/ZipPlugin.m"; sourceTree = "<group>"; fileEncoding = 4; lastKnownFileType = sourcecode.c.objc; explicitFileType = undefined; includeInIndex = 0; };
		315806FD22C746A1828B97FD /* aescrypt.c */ = {isa = PBXFileReference; name = "aescrypt.c"; path = "cordova-plugin-zip/Plugins/aes/aescrypt.c"; sourceTree = "<group>"; fileEncoding = undefined; lastKnownFileType = unknown; explicitFileType = undefined; includeInIndex = 0; };
		1D9F89BB065C460480BD6C2D /* aeskey.c */ = {isa = PBXFileReference; name = "aeskey.c"; path = "cordova-plugin-zip/Plugins/aes/aeskey.c"; sourceTree = "<group>"; fileEncoding = undefined; lastKnownFileType = unknown; explicitFileType = undefined; includeInIndex = 0; };
		EEA11C4BD5B148DAA4D66097 /* aestab.c */ = {isa = PBXFileReference; name = "aestab.c"; path = "cordova-plugin-zip/Plugins/aes/aestab.c"; sourceTree = "<group>"; fileEncoding = undefined; lastKnownFileType = unknown; explicitFileType = undefined; includeInIndex = 0; };
		5EC74DE7F4F6420798D73618 /* entropy.c */ = {isa = PBXFileReference; name = "entropy.c"; path = "cordova-plugin-zip/Plugins/aes/entropy.c"; sourceTree = "<group>"; fileEncoding = undefined; lastKnownFileType = unknown; explicitFileType = undefined; includeInIndex = 0; };
		E4FC92CA4F3F4202976D7B57 /* fileenc.c */ = {isa = PBXFileReference; name = "fileenc.c"; path = "cordova-plugin-zip/Plugins/aes/fileenc.c"; sourceTree = "<group>"; fileEncoding = undefined; lastKnownFileType = unknown; explicitFileType = undefined; includeInIndex = 0; };
		378C586C68804FB89C90AC2E /* hmac.c */ = {isa = PBXFileReference; name = "hmac.c"; path = "cordova-plugin-zip/Plugins/aes/hmac.c"; sourceTree = "<group>"; fileEncoding = undefined; lastKnownFileType = unknown; explicitFileType = undefined; includeInIndex = 0; };
		2ADA42517179425286E4C647 /* prng.c */ = {isa = PBXFileReference; name = "prng.c"; path = "cordova-plugin-zip/Plugins/aes/prng.c"; sourceTree = "<group>"; fileEncoding = undefined; lastKnownFileType = unknown; explicitFileType = undefined; includeInIndex = 0; };
		E9A612D22829429384109861 /* pwd2key.c */ = {isa = PBXFileReference; name = "pwd2key.c"; path = "cordova-plugin-zip/Plugins/aes/pwd2key.c"; sourceTree = "<group>"; fileEncoding = undefined; lastKnownFileType = unknown; explicitFileType = undefined; includeInIndex = 0; };
		71D33163156547CFA3C5CE79 /* sha1.c */ = {isa = PBXFileReference; name = "sha1.c"; path = "cordova-plugin-zip/Plugins/aes/sha1.c"; sourceTree = "<group>"; fileEncoding = undefined; lastKnownFileType = unknown; explicitFileType = undefined; includeInIndex = 0; };
		49DC0EAD54434C9994B1B7F1 /* SSZipArchive.m */ = {isa = PBXFileReference; name = "SSZipArchive.m"; path = "cordova-plugin-zip/Plugins/minizip/SSZipArchive.m"; sourceTree = "<group>"; fileEncoding = 4; lastKnownFileType = sourcecode.c.objc; explicitFileType = undefined; includeInIndex = 0; };
		5B6BC064FB8F4922AD93C1C5 /* zip.c */ = {isa = PBXFileReference; name = "zip.c"; path = "cordova-plugin-zip/Plugins/minizip/zip.c"; sourceTree = "<group>"; fileEncoding = undefined; lastKnownFileType = unknown; explicitFileType = undefined; includeInIndex = 0; };
		9F413FF38E594E7E834671C8 /* unzip.c */ = {isa = PBXFileReference; name = "unzip.c"; path = "cordova-plugin-zip/Plugins/minizip/unzip.c"; sourceTree = "<group>"; fileEncoding = undefined; lastKnownFileType = unknown; explicitFileType = undefined; includeInIndex = 0; };
		9912D985D10B412A846C7987 /* mztools.c */ = {isa = PBXFileReference; name = "mztools.c"; path = "cordova-plugin-zip/Plugins/minizip/mztools.c"; sourceTree = "<group>"; fileEncoding = undefined; lastKnownFileType = unknown; explicitFileType = undefined; includeInIndex = 0; };
		285DA5DF0EBF414CBB5BEF07 /* ioapi.c */ = {isa = PBXFileReference; name = "ioapi.c"; path = "cordova-plugin-zip/Plugins/minizip/ioapi.c"; sourceTree = "<group>"; fileEncoding = undefined; lastKnownFileType = unknown; explicitFileType = undefined; includeInIndex = 0; };
		0041F9D983704E1BB8E97416 /* ZipPlugin.h */ = {isa = PBXFileReference; name = "ZipPlugin.h"; path = "cordova-plugin-zip/ZipPlugin.h"; sourceTree = "<group>"; fileEncoding = 4; lastKnownFileType = sourcecode.c.h; explicitFileType = undefined; includeInIndex = 0; };
		8619D5615CFF4608AC74F732 /* Common.h */ = {isa = PBXFileReference; name = "Common.h"; path = "cordova-plugin-zip/Common.h"; sourceTree = "<group>"; fileEncoding = 4; lastKnownFileType = sourcecode.c.h; explicitFileType = undefined; includeInIndex = 0; };
		2CDD5E9C730B4D6384A6B7AC /* aes.h */ = {isa = PBXFileReference; name = "aes.h"; path = "cordova-plugin-zip/Plugins/aes/aes.h"; sourceTree = "<group>"; fileEncoding = 4; lastKnownFileType = sourcecode.c.h; explicitFileType = undefined; includeInIndex = 0; };
		648932D1D39940DA9E53707F /* aes_via_ace.h */ = {isa = PBXFileReference; name = "aes_via_ace.h"; path = "cordova-plugin-zip/Plugins/aes/aes_via_ace.h"; sourceTree = "<group>"; fileEncoding = 4; lastKnownFileType = sourcecode.c.h; explicitFileType = undefined; includeInIndex = 0; };
		7AAE253775EA4F43B3D030D9 /* aesopt.h */ = {isa = PBXFileReference; name = "aesopt.h"; path = "cordova-plugin-zip/Plugins/aes/aesopt.h"; sourceTree = "<group>"; fileEncoding = 4; lastKnownFileType = sourcecode.c.h; explicitFileType = undefined; includeInIndex = 0; };
		AD555C57EF164A6A83B0426E /* aestab.h */ = {isa = PBXFileReference; name = "aestab.h"; path = "cordova-plugin-zip/Plugins/aes/aestab.h"; sourceTree = "<group>"; fileEncoding = 4; lastKnownFileType = sourcecode.c.h; explicitFileType = undefined; includeInIndex = 0; };
		4E3E73E05A0D4A3BBA6F25EF /* brg_endian.h */ = {isa = PBXFileReference; name = "brg_endian.h"; path = "cordova-plugin-zip/Plugins/aes/brg_endian.h"; sourceTree = "<group>"; fileEncoding = 4; lastKnownFileType = sourcecode.c.h; explicitFileType = undefined; includeInIndex = 0; };
		D9E7ACA6DE9947288CD2A4DA /* brg_types.h */ = {isa = PBXFileReference; name = "brg_types.h"; path = "cordova-plugin-zip/Plugins/aes/brg_types.h"; sourceTree = "<group>"; fileEncoding = 4; lastKnownFileType = sourcecode.c.h; explicitFileType = undefined; includeInIndex = 0; };
		C6AC1CE3C9F5484592C5C39C /* entropy.h */ = {isa = PBXFileReference; name = "entropy.h"; path = "cordova-plugin-zip/Plugins/aes/entropy.h"; sourceTree = "<group>"; fileEncoding = 4; lastKnownFileType = sourcecode.c.h; explicitFileType = undefined; includeInIndex = 0; };
		75F2B13721C940408061D9B1 /* fileenc.h */ = {isa = PBXFileReference; name = "fileenc.h"; path = "cordova-plugin-zip/Plugins/aes/fileenc.h"; sourceTree = "<group>"; fileEncoding = 4; lastKnownFileType = sourcecode.c.h; explicitFileType = undefined; includeInIndex = 0; };
		604F170BFEB640AABB0505DD /* hmac.h */ = {isa = PBXFileReference; name = "hmac.h"; path = "cordova-plugin-zip/Plugins/aes/hmac.h"; sourceTree = "<group>"; fileEncoding = 4; lastKnownFileType = sourcecode.c.h; explicitFileType = undefined; includeInIndex = 0; };
		BB9D2F4D2E674CD7B478CFE9 /* prng.h */ = {isa = PBXFileReference; name = "prng.h"; path = "cordova-plugin-zip/Plugins/aes/prng.h"; sourceTree = "<group>"; fileEncoding = 4; lastKnownFileType = sourcecode.c.h; explicitFileType = undefined; includeInIndex = 0; };
		E8880711651E4DB29B07F35B /* pwd2key.h */ = {isa = PBXFileReference; name = "pwd2key.h"; path = "cordova-plugin-zip/Plugins/aes/pwd2key.h"; sourceTree = "<group>"; fileEncoding = 4; lastKnownFileType = sourcecode.c.h; explicitFileType = undefined; includeInIndex = 0; };
		5FE6EEB1C6274EF7821FC136 /* sha1.h */ = {isa = PBXFileReference; name = "sha1.h"; path = "cordova-plugin-zip/Plugins/aes/sha1.h"; sourceTree = "<group>"; fileEncoding = 4; lastKnownFileType = sourcecode.c.h; explicitFileType = undefined; includeInIndex = 0; };
		6141357DE0414C8CB6645628 /* SSZipArchive.h */ = {isa = PBXFileReference; name = "SSZipArchive.h"; path = "cordova-plugin-zip/Plugins/minizip/SSZipArchive.h"; sourceTree = "<group>"; fileEncoding = 4; lastKnownFileType = sourcecode.c.h; explicitFileType = undefined; includeInIndex = 0; };
		30A53590333F478B9ED7C6D3 /* zip.h */ = {isa = PBXFileReference; name = "zip.h"; path = "cordova-plugin-zip/Plugins/minizip/zip.h"; sourceTree = "<group>"; fileEncoding = 4; lastKnownFileType = sourcecode.c.h; explicitFileType = undefined; includeInIndex = 0; };
		26A5003996D14CD6B23F6970 /* unzip.h */ = {isa = PBXFileReference; name = "unzip.h"; path = "cordova-plugin-zip/Plugins/minizip/unzip.h"; sourceTree = "<group>"; fileEncoding = 4; lastKnownFileType = sourcecode.c.h; explicitFileType = undefined; includeInIndex = 0; };
		C8550DA65F3F422D9FA1B743 /* mztools.h */ = {isa = PBXFileReference; name = "mztools.h"; path = "cordova-plugin-zip/Plugins/minizip/mztools.h"; sourceTree = "<group>"; fileEncoding = 4; lastKnownFileType = sourcecode.c.h; explicitFileType = undefined; includeInIndex = 0; };
		9A4FB8021518456C876D9727 /* ioapi.h */ = {isa = PBXFileReference; name = "ioapi.h"; path = "cordova-plugin-zip/Plugins/minizip/ioapi.h"; sourceTree = "<group>"; fileEncoding = 4; lastKnownFileType = sourcecode.c.h; explicitFileType = undefined; includeInIndex = 0; };
		26682F15BAB248AEADCD55A9 /* crypt.h */ = {isa = PBXFileReference; name = "crypt.h"; path = "cordova-plugin-zip/Plugins/minizip/crypt.h"; sourceTree = "<group>"; fileEncoding = 4; lastKnownFileType = sourcecode.c.h; explicitFileType = undefined; includeInIndex = 0; };
		A10663E490934A99B87C061E /* libz.dylib */ = {isa = PBXFileReference; name = "libz.dylib"; path = "usr/lib/libz.dylib"; sourceTree = SDKROOT; fileEncoding = undefined; lastKnownFileType = compiled.mach-o.dylib; explicitFileType = undefined; includeInIndex = 0; };
		A10C77CCBDF045EE9D7277D1 /* CDVNotification.m */ = {isa = PBXFileReference; name = "CDVNotification.m"; path = "cordova-plugin-dialogs/CDVNotification.m"; sourceTree = "<group>"; fileEncoding = 4; lastKnownFileType = sourcecode.c.objc; explicitFileType = undefined; includeInIndex = 0; };
		2440B5E956574CDFAF901B61 /* CDVNotification.h */ = {isa = PBXFileReference; name = "CDVNotification.h"; path = "cordova-plugin-dialogs/CDVNotification.h"; sourceTree = "<group>"; fileEncoding = 4; lastKnownFileType = sourcecode.c.h; explicitFileType = undefined; includeInIndex = 0; };
		5ADD7ACD03124AD3A182D220 /* CDVNotification.bundle */ = {isa = PBXFileReference; name = "CDVNotification.bundle"; path = "CDVNotification.bundle"; sourceTree = "<group>"; fileEncoding = undefined; lastKnownFileType = wrapper.plug-in; explicitFileType = undefined; includeInIndex = 0; };
		78589F604CA74BA2A0D3474A /* AudioToolbox.framework */ = {isa = PBXFileReference; name = "AudioToolbox.framework"; path = "System/Library/Frameworks/AudioToolbox.framework"; sourceTree = SDKROOT; fileEncoding = undefined; lastKnownFileType = wrapper.framework; explicitFileType = undefined; includeInIndex = 0; };
		8222C1F63FDB4307942E4749 /* CDVWKWebViewEngine+CodePush.m */ = {isa = PBXFileReference; name = "CDVWKWebViewEngine+CodePush.m"; path = "cordova-plugin-code-push/CDVWKWebViewEngine+CodePush.m"; sourceTree = "<group>"; fileEncoding = 4; lastKnownFileType = sourcecode.c.objc; explicitFileType = undefined; includeInIndex = 0; };
		F538F793D7634D4687604F97 /* CodePush.m */ = {isa = PBXFileReference; name = "CodePush.m"; path = "cordova-plugin-code-push/CodePush.m"; sourceTree = "<group>"; fileEncoding = 4; lastKnownFileType = sourcecode.c.objc; explicitFileType = undefined; includeInIndex = 0; };
		0BB59AD0E1A041EFAE786DF5 /* CodePushPackageMetadata.m */ = {isa = PBXFileReference; name = "CodePushPackageMetadata.m"; path = "cordova-plugin-code-push/CodePushPackageMetadata.m"; sourceTree = "<group>"; fileEncoding = 4; lastKnownFileType = sourcecode.c.objc; explicitFileType = undefined; includeInIndex = 0; };
		318BEBA4EF5F4A68B210CF8E /* CodePushPackageManager.m */ = {isa = PBXFileReference; name = "CodePushPackageManager.m"; path = "cordova-plugin-code-push/CodePushPackageManager.m"; sourceTree = "<group>"; fileEncoding = 4; lastKnownFileType = sourcecode.c.objc; explicitFileType = undefined; includeInIndex = 0; };
		54FC1A3BF1CF483BBA07DDB4 /* CodePushReportingManager.m */ = {isa = PBXFileReference; name = "CodePushReportingManager.m"; path = "cordova-plugin-code-push/CodePushReportingManager.m"; sourceTree = "<group>"; fileEncoding = 4; lastKnownFileType = sourcecode.c.objc; explicitFileType = undefined; includeInIndex = 0; };
		B182FBC3BACE46EEBA49B480 /* InstallOptions.m */ = {isa = PBXFileReference; name = "InstallOptions.m"; path = "cordova-plugin-code-push/InstallOptions.m"; sourceTree = "<group>"; fileEncoding = 4; lastKnownFileType = sourcecode.c.objc; explicitFileType = undefined; includeInIndex = 0; };
		9779081C71C54375870E2ECF /* StatusReport.m */ = {isa = PBXFileReference; name = "StatusReport.m"; path = "cordova-plugin-code-push/StatusReport.m"; sourceTree = "<group>"; fileEncoding = 4; lastKnownFileType = sourcecode.c.objc; explicitFileType = undefined; includeInIndex = 0; };
		FD44ED7658EC4610AAAB1C89 /* UpdateHashUtils.m */ = {isa = PBXFileReference; name = "UpdateHashUtils.m"; path = "cordova-plugin-code-push/UpdateHashUtils.m"; sourceTree = "<group>"; fileEncoding = 4; lastKnownFileType = sourcecode.c.objc; explicitFileType = undefined; includeInIndex = 0; };
		843D3BC9547C4BCA87BCAA0E /* Utilities.m */ = {isa = PBXFileReference; name = "Utilities.m"; path = "cordova-plugin-code-push/Utilities.m"; sourceTree = "<group>"; fileEncoding = 4; lastKnownFileType = sourcecode.c.objc; explicitFileType = undefined; includeInIndex = 0; };
		1FB7C5FBA6DC4CCAA371B89C /* CodePush.h */ = {isa = PBXFileReference; name = "CodePush.h"; path = "cordova-plugin-code-push/CodePush.h"; sourceTree = "<group>"; fileEncoding = 4; lastKnownFileType = sourcecode.c.h; explicitFileType = undefined; includeInIndex = 0; };
		7E7D6D30A2964660A9B2A2C4 /* CodePushPackageMetadata.h */ = {isa = PBXFileReference; name = "CodePushPackageMetadata.h"; path = "cordova-plugin-code-push/CodePushPackageMetadata.h"; sourceTree = "<group>"; fileEncoding = 4; lastKnownFileType = sourcecode.c.h; explicitFileType = undefined; includeInIndex = 0; };
		BA9AE814FD5842EFA34E82A5 /* CodePushPackageManager.h */ = {isa = PBXFileReference; name = "CodePushPackageManager.h"; path = "cordova-plugin-code-push/CodePushPackageManager.h"; sourceTree = "<group>"; fileEncoding = 4; lastKnownFileType = sourcecode.c.h; explicitFileType = undefined; includeInIndex = 0; };
		B2A24BCBEEB1492DAD345A09 /* CodePushReportingManager.h */ = {isa = PBXFileReference; name = "CodePushReportingManager.h"; path = "cordova-plugin-code-push/CodePushReportingManager.h"; sourceTree = "<group>"; fileEncoding = 4; lastKnownFileType = sourcecode.c.h; explicitFileType = undefined; includeInIndex = 0; };
		EF5E63DFACD947AFBF3B7850 /* InstallOptions.h */ = {isa = PBXFileReference; name = "InstallOptions.h"; path = "cordova-plugin-code-push/InstallOptions.h"; sourceTree = "<group>"; fileEncoding = 4; lastKnownFileType = sourcecode.c.h; explicitFileType = undefined; includeInIndex = 0; };
		418F56B73C774B2E9D3F4A94 /* InstallMode.h */ = {isa = PBXFileReference; name = "InstallMode.h"; path = "cordova-plugin-code-push/InstallMode.h"; sourceTree = "<group>"; fileEncoding = 4; lastKnownFileType = sourcecode.c.h; explicitFileType = undefined; includeInIndex = 0; };
		F09D3EC990C3447AB0C51EFB /* StatusReport.h */ = {isa = PBXFileReference; name = "StatusReport.h"; path = "cordova-plugin-code-push/StatusReport.h"; sourceTree = "<group>"; fileEncoding = 4; lastKnownFileType = sourcecode.c.h; explicitFileType = undefined; includeInIndex = 0; };
		0C146F63268C4683900F9FB0 /* UpdateHashUtils.h */ = {isa = PBXFileReference; name = "UpdateHashUtils.h"; path = "cordova-plugin-code-push/UpdateHashUtils.h"; sourceTree = "<group>"; fileEncoding = 4; lastKnownFileType = sourcecode.c.h; explicitFileType = undefined; includeInIndex = 0; };
		0F76EB3299874BB6ACFD90DF /* Utilities.h */ = {isa = PBXFileReference; name = "Utilities.h"; path = "cordova-plugin-code-push/Utilities.h"; sourceTree = "<group>"; fileEncoding = 4; lastKnownFileType = sourcecode.c.h; explicitFileType = undefined; includeInIndex = 0; };
		87428CB5E410492999EAAB59 /* UIImage+CropScaleOrientation.m */ = {isa = PBXFileReference; name = "UIImage+CropScaleOrientation.m"; path = "cordova-plugin-camera/UIImage+CropScaleOrientation.m"; sourceTree = "<group>"; fileEncoding = 4; lastKnownFileType = sourcecode.c.objc; explicitFileType = undefined; includeInIndex = 0; };
		9D7F6448700247938E561313 /* CDVCamera.m */ = {isa = PBXFileReference; name = "CDVCamera.m"; path = "cordova-plugin-camera/CDVCamera.m"; sourceTree = "<group>"; fileEncoding = 4; lastKnownFileType = sourcecode.c.objc; explicitFileType = undefined; includeInIndex = 0; };
		517AB647B43A40ADA570A97A /* CDVJpegHeaderWriter.m */ = {isa = PBXFileReference; name = "CDVJpegHeaderWriter.m"; path = "cordova-plugin-camera/CDVJpegHeaderWriter.m"; sourceTree = "<group>"; fileEncoding = 4; lastKnownFileType = sourcecode.c.objc; explicitFileType = undefined; includeInIndex = 0; };
		66EFB017E077481A9F2F7E2F /* UIImage+CropScaleOrientation.h */ = {isa = PBXFileReference; name = "UIImage+CropScaleOrientation.h"; path = "cordova-plugin-camera/UIImage+CropScaleOrientation.h"; sourceTree = "<group>"; fileEncoding = 4; lastKnownFileType = sourcecode.c.h; explicitFileType = undefined; includeInIndex = 0; };
		61828F1EFAA7425C88829398 /* CDVCamera.h */ = {isa = PBXFileReference; name = "CDVCamera.h"; path = "cordova-plugin-camera/CDVCamera.h"; sourceTree = "<group>"; fileEncoding = 4; lastKnownFileType = sourcecode.c.h; explicitFileType = undefined; includeInIndex = 0; };
		6F43ECA8516549C4B0D7DB85 /* CDVJpegHeaderWriter.h */ = {isa = PBXFileReference; name = "CDVJpegHeaderWriter.h"; path = "cordova-plugin-camera/CDVJpegHeaderWriter.h"; sourceTree = "<group>"; fileEncoding = 4; lastKnownFileType = sourcecode.c.h; explicitFileType = undefined; includeInIndex = 0; };
		36C4ED3877824BE8B937B53E /* CDVExif.h */ = {isa = PBXFileReference; name = "CDVExif.h"; path = "cordova-plugin-camera/CDVExif.h"; sourceTree = "<group>"; fileEncoding = 4; lastKnownFileType = sourcecode.c.h; explicitFileType = undefined; includeInIndex = 0; };
		3C8E4620AE2C42A6BB11734E /* ImageIO.framework */ = {isa = PBXFileReference; name = "ImageIO.framework"; path = "System/Library/Frameworks/ImageIO.framework"; sourceTree = SDKROOT; fileEncoding = undefined; lastKnownFileType = wrapper.framework; explicitFileType = undefined; includeInIndex = 0; };
		8E1E78F0329847ADA0975051 /* CoreLocation.framework */ = {isa = PBXFileReference; name = "CoreLocation.framework"; path = "System/Library/Frameworks/CoreLocation.framework"; sourceTree = SDKROOT; fileEncoding = undefined; lastKnownFileType = wrapper.framework; explicitFileType = undefined; includeInIndex = 0; };
		AD1C0F30C8194E14836CF30C /* AVFoundation.framework */ = {isa = PBXFileReference; name = "AVFoundation.framework"; path = "System/Library/Frameworks/AVFoundation.framework"; sourceTree = SDKROOT; fileEncoding = undefined; lastKnownFileType = wrapper.framework; explicitFileType = undefined; includeInIndex = 0; };
		7F608FC35B424BEAAF539B47 /* CDVLocation.m */ = {isa = PBXFileReference; name = "CDVLocation.m"; path = "cordova-plugin-geolocation/CDVLocation.m"; sourceTree = "<group>"; fileEncoding = 4; lastKnownFileType = sourcecode.c.objc; explicitFileType = undefined; includeInIndex = 0; };
		15EC3108A67246D39376C8FC /* CDVLocation.h */ = {isa = PBXFileReference; name = "CDVLocation.h"; path = "cordova-plugin-geolocation/CDVLocation.h"; sourceTree = "<group>"; fileEncoding = 4; lastKnownFileType = sourcecode.c.h; explicitFileType = undefined; includeInIndex = 0; };
/* End PBXFileReference section */

/* Begin PBXFrameworksBuildPhase section */
		1D60588F0D05DD3D006BFB54 /* Frameworks */ = {
			isa = PBXFrameworksBuildPhase;
			buildActionMask = 2147483647;
			files = (
				301BF552109A68D80062928A /* libCordova.a in Frameworks */,
				AE5CBA293EE544A2B4372C12 /* libz.dylib in Frameworks */,
				B4F6EE838496471E80B77DBB /* AudioToolbox.framework in Frameworks */,
				E8642A3B92954476B7F1BFA9 /* ImageIO.framework in Frameworks */,
				350945944D2E4534B0DAC286 /* CoreLocation.framework in Frameworks */,
				FCA95208238C4AFD95877464 /* AVFoundation.framework in Frameworks */,
			);
			runOnlyForDeploymentPostprocessing = 0;
		};
/* End PBXFrameworksBuildPhase section */

/* Begin PBXGroup section */
		080E96DDFE201D6D7F000001 /* Classes */ = {
			isa = PBXGroup;
			children = (
				302D95EE14D2391D003F00A1 /* MainViewController.h */,
				302D95EF14D2391D003F00A1 /* MainViewController.m */,
				302D95F014D2391D003F00A1 /* MainViewController.xib */,
				1D3623240D0F684500981E51 /* AppDelegate.h */,
				1D3623250D0F684500981E51 /* AppDelegate.m */,
			);
			name = Classes;
			path = "myWell/Classes";
			sourceTree = SOURCE_ROOT;
		};
		19C28FACFE9D520D11CA2CBB /* Products */ = {
			isa = PBXGroup;
			children = (
				1D6058910D05DD3D006BFB54 /* myWell.app */,
			);
			name = Products;
			sourceTree = "<group>";
		};
		29B97314FDCFA39411CA2CEA /* CustomTemplate */ = {
			isa = PBXGroup;
			children = (
				EB87FDF41871DAF40020F90C /* config.xml */,
				EB87FDF31871DA8E0020F90C /* www */,
				EB87FDF11871DA420020F90C /* Staging */,
				301BF52D109A57CC0062928A /* CordovaLib.xcodeproj */,
				080E96DDFE201D6D7F000001 /* Classes */,
				307C750510C5A3420062BCA9 /* Plugins */,
				29B97315FDCFA39411CA2CEA /* Other Sources */,
				29B97317FDCFA39411CA2CEA /* Resources */,
				29B97323FDCFA39411CA2CEA /* Frameworks */,
				19C28FACFE9D520D11CA2CBB /* Products */,
			);
			name = CustomTemplate;
			sourceTree = "<group>";
		};
		29B97315FDCFA39411CA2CEA /* Other Sources */ = {
			isa = PBXGroup;
			children = (
				32CA4F630368D1EE00C91783 /* myWell-Prefix.pch */,
				29B97316FDCFA39411CA2CEA /* main.m */,
				ED33DF2A687741AEAF9F8254 /* Bridging-Header.h */,
			);
			name = "Other Sources";
			path = "myWell";
			sourceTree = "<group>";
		};
		29B97317FDCFA39411CA2CEA /* Resources */ = {
			isa = PBXGroup;
			children = (
				0207DA571B56EA530066E2B4 /* Images.xcassets */,
				3047A50E1AB8057F00498E2A /* config */,
				8D1107310486CEB800E47090 /* myWell-Info.plist */,
				5ADD7ACD03124AD3A182D220 /* CDVNotification.bundle */,
			);
			name = Resources;
			path = "myWell/Resources";
			sourceTree = "<group>";
		};
		29B97323FDCFA39411CA2CEA /* Frameworks */ = {
			isa = PBXGroup;
			children = (
				A10663E490934A99B87C061E /* libz.dylib */,
				78589F604CA74BA2A0D3474A /* AudioToolbox.framework */,
				3C8E4620AE2C42A6BB11734E /* ImageIO.framework */,
				8E1E78F0329847ADA0975051 /* CoreLocation.framework */,
				AD1C0F30C8194E14836CF30C /* AVFoundation.framework */,
			);
			name = Frameworks;
			sourceTree = "<group>";
		};
		301BF52E109A57CC0062928A /* Products */ = {
			isa = PBXGroup;
			children = (
				301BF535109A57CC0062928A /* libCordova.a */,
			);
			name = Products;
			sourceTree = "<group>";
		};
		3047A50E1AB8057F00498E2A /* config */ = {
			isa = PBXGroup;
			children = (
				3047A50F1AB8059700498E2A /* build-debug.xcconfig */,
				3047A5101AB8059700498E2A /* build-release.xcconfig */,
				3047A5111AB8059700498E2A /* build.xcconfig */,
			);
			name = config;
			sourceTree = "<group>";
		};
		307C750510C5A3420062BCA9 /* Plugins */ = {
			isa = PBXGroup;
			children = (
				46E532798E3344898D933D0F /* CDVLogger.m */,
				3F2CD407C8124E8DB12F85CC /* CDVLogger.h */,
				1F1D98F0D4F747FCA230B23C /* IonicKeyboard.m */,
				D41D19E619EB466FADE8D14F /* IonicKeyboard.h */,
				E2AD3C2EBD70441FA7FBD5CA /* CDVDevice.m */,
				3FEE18D48F274F92A5EE072C /* CDVDevice.h */,
				E3570D2F043A454CB27CBA38 /* CDVFile.m */,
				A9622C48810F4B388B9FE743 /* CDVLocalFilesystem.m */,
				2DEC56C6C3A04216ADADD97D /* CDVAssetLibraryFilesystem.m */,
				6AA8E61E09A54A87B4D8318F /* CDVFile.h */,
				93322224424E4A1586409AFE /* CDVLocalFilesystem.h */,
				F02F94C395944194B4E0AA8A /* CDVAssetLibraryFilesystem.h */,
				B4D7C479F9EB4AF18FA52938 /* CDVFileTransfer.m */,
				3ED7FB5353B74D15A03FC1CC /* CDVFileTransfer.h */,
				530F21E47D3A4802BAC1E135 /* ZipPlugin.m */,
				315806FD22C746A1828B97FD /* aescrypt.c */,
				1D9F89BB065C460480BD6C2D /* aeskey.c */,
				EEA11C4BD5B148DAA4D66097 /* aestab.c */,
				5EC74DE7F4F6420798D73618 /* entropy.c */,
				E4FC92CA4F3F4202976D7B57 /* fileenc.c */,
				378C586C68804FB89C90AC2E /* hmac.c */,
				2ADA42517179425286E4C647 /* prng.c */,
				E9A612D22829429384109861 /* pwd2key.c */,
				71D33163156547CFA3C5CE79 /* sha1.c */,
				49DC0EAD54434C9994B1B7F1 /* SSZipArchive.m */,
				5B6BC064FB8F4922AD93C1C5 /* zip.c */,
				9F413FF38E594E7E834671C8 /* unzip.c */,
				9912D985D10B412A846C7987 /* mztools.c */,
				285DA5DF0EBF414CBB5BEF07 /* ioapi.c */,
				0041F9D983704E1BB8E97416 /* ZipPlugin.h */,
				8619D5615CFF4608AC74F732 /* Common.h */,
				2CDD5E9C730B4D6384A6B7AC /* aes.h */,
				648932D1D39940DA9E53707F /* aes_via_ace.h */,
				7AAE253775EA4F43B3D030D9 /* aesopt.h */,
				AD555C57EF164A6A83B0426E /* aestab.h */,
				4E3E73E05A0D4A3BBA6F25EF /* brg_endian.h */,
				D9E7ACA6DE9947288CD2A4DA /* brg_types.h */,
				C6AC1CE3C9F5484592C5C39C /* entropy.h */,
				75F2B13721C940408061D9B1 /* fileenc.h */,
				604F170BFEB640AABB0505DD /* hmac.h */,
				BB9D2F4D2E674CD7B478CFE9 /* prng.h */,
				E8880711651E4DB29B07F35B /* pwd2key.h */,
				5FE6EEB1C6274EF7821FC136 /* sha1.h */,
				6141357DE0414C8CB6645628 /* SSZipArchive.h */,
				30A53590333F478B9ED7C6D3 /* zip.h */,
				26A5003996D14CD6B23F6970 /* unzip.h */,
				C8550DA65F3F422D9FA1B743 /* mztools.h */,
				9A4FB8021518456C876D9727 /* ioapi.h */,
				26682F15BAB248AEADCD55A9 /* crypt.h */,
				A10C77CCBDF045EE9D7277D1 /* CDVNotification.m */,
				2440B5E956574CDFAF901B61 /* CDVNotification.h */,
				8222C1F63FDB4307942E4749 /* CDVWKWebViewEngine+CodePush.m */,
				F538F793D7634D4687604F97 /* CodePush.m */,
				0BB59AD0E1A041EFAE786DF5 /* CodePushPackageMetadata.m */,
				318BEBA4EF5F4A68B210CF8E /* CodePushPackageManager.m */,
				54FC1A3BF1CF483BBA07DDB4 /* CodePushReportingManager.m */,
				B182FBC3BACE46EEBA49B480 /* InstallOptions.m */,
				9779081C71C54375870E2ECF /* StatusReport.m */,
				FD44ED7658EC4610AAAB1C89 /* UpdateHashUtils.m */,
				843D3BC9547C4BCA87BCAA0E /* Utilities.m */,
				1FB7C5FBA6DC4CCAA371B89C /* CodePush.h */,
				7E7D6D30A2964660A9B2A2C4 /* CodePushPackageMetadata.h */,
				BA9AE814FD5842EFA34E82A5 /* CodePushPackageManager.h */,
				B2A24BCBEEB1492DAD345A09 /* CodePushReportingManager.h */,
				EF5E63DFACD947AFBF3B7850 /* InstallOptions.h */,
				418F56B73C774B2E9D3F4A94 /* InstallMode.h */,
				F09D3EC990C3447AB0C51EFB /* StatusReport.h */,
				0C146F63268C4683900F9FB0 /* UpdateHashUtils.h */,
				0F76EB3299874BB6ACFD90DF /* Utilities.h */,
				87428CB5E410492999EAAB59 /* UIImage+CropScaleOrientation.m */,
				9D7F6448700247938E561313 /* CDVCamera.m */,
				517AB647B43A40ADA570A97A /* CDVJpegHeaderWriter.m */,
				66EFB017E077481A9F2F7E2F /* UIImage+CropScaleOrientation.h */,
				61828F1EFAA7425C88829398 /* CDVCamera.h */,
				6F43ECA8516549C4B0D7DB85 /* CDVJpegHeaderWriter.h */,
				36C4ED3877824BE8B937B53E /* CDVExif.h */,
				7F608FC35B424BEAAF539B47 /* CDVLocation.m */,
				15EC3108A67246D39376C8FC /* CDVLocation.h */,
			);
			name = Plugins;
			path = "myWell/Plugins";
			sourceTree = SOURCE_ROOT;
		};
		EB87FDF11871DA420020F90C /* Staging */ = {
			isa = PBXGroup;
			children = (
				F840E1F0165FE0F500CFE078 /* config.xml */,
				301BF56E109A69640062928A /* www */,
			);
			name = Staging;
			sourceTree = "<group>";
		};
/* End PBXGroup section */

/* Begin PBXNativeTarget section */
		1D6058900D05DD3D006BFB54 /* myWell */ = {
			isa = PBXNativeTarget;
			buildConfigurationList = 1D6058960D05DD3E006BFB54 /* Build configuration list for PBXNativeTarget "myWell" */;
			buildPhases = (
				304B58A110DAC018002A0835 /* Copy www directory */,
				1D60588D0D05DD3D006BFB54 /* Resources */,
				1D60588E0D05DD3D006BFB54 /* Sources */,
				1D60588F0D05DD3D006BFB54 /* Frameworks */,
			);
			buildRules = (
			);
			dependencies = (
				301BF551109A68C00062928A /* PBXTargetDependency */,
			);
			name = "myWell";
			productName = "myWell";
			productReference = 1D6058910D05DD3D006BFB54 /* myWell.app */;
			productType = "com.apple.product-type.application";
		};
/* End PBXNativeTarget section */

/* Begin PBXProject section */
		29B97313FDCFA39411CA2CEA /* Project object */ = {
			isa = PBXProject;
			attributes = {
				LastUpgradeCheck = 510;
			};
			buildConfigurationList = C01FCF4E08A954540054247B /* Build configuration list for PBXProject "__NON-CLI__" */;
			compatibilityVersion = "Xcode 3.2";
			developmentRegion = English;
			hasScannedForEncodings = 1;
			mainGroup = 29B97314FDCFA39411CA2CEA /* CustomTemplate */;
			projectDirPath = "";
			projectReferences = (
				{
					ProductGroup = 301BF52E109A57CC0062928A /* Products */;
					ProjectRef = 301BF52D109A57CC0062928A /* CordovaLib.xcodeproj */;
				},
			);
			projectRoot = "";
			targets = (
				1D6058900D05DD3D006BFB54 /* myWell */,
			);
		};
/* End PBXProject section */

/* Begin PBXReferenceProxy section */
		301BF535109A57CC0062928A /* libCordova.a */ = {
			isa = PBXReferenceProxy;
			fileType = archive.ar;
			path = libCordova.a;
			remoteRef = 301BF534109A57CC0062928A /* PBXContainerItemProxy */;
			sourceTree = BUILT_PRODUCTS_DIR;
		};
/* End PBXReferenceProxy section */

/* Begin PBXResourcesBuildPhase section */
		1D60588D0D05DD3D006BFB54 /* Resources */ = {
			isa = PBXResourcesBuildPhase;
			buildActionMask = 2147483647;
			files = (
				302D95F214D2391D003F00A1 /* MainViewController.xib in Resources */,
				0207DA581B56EA530066E2B4 /* Images.xcassets in Resources */,
				64F4CDD650C94D3285ADD5DA /* CDVNotification.bundle in Resources */,
			);
			runOnlyForDeploymentPostprocessing = 0;
		};
/* End PBXResourcesBuildPhase section */

/* Begin PBXShellScriptBuildPhase section */
		304B58A110DAC018002A0835 /* Copy www directory */ = {
			isa = PBXShellScriptBuildPhase;
			buildActionMask = 2147483647;
			files = (
			);
			inputPaths = (
			);
			name = "Copy www directory";
			outputPaths = (
			);
			runOnlyForDeploymentPostprocessing = 0;
			shellPath = /bin/sh;
			shellScript = "NODEJS_PATH=/usr/local/bin; NVM_NODE_PATH=~/.nvm/versions/node/`nvm version 2>/dev/null`/bin; N_NODE_PATH=`find /usr/local/n/versions/node/* -maxdepth 0 -type d 2>/dev/null | tail -1`/bin; XCODE_NODE_PATH=`xcode-select --print-path`/usr/share/xcs/Node/bin; PATH=$NODEJS_PATH:$NVM_NODE_PATH:$N_NODE_PATH:$XCODE_NODE_PATH:$PATH && node cordova/lib/copy-www-build-step.js";
			showEnvVarsInLog = 0;
		};
/* End PBXShellScriptBuildPhase section */

/* Begin PBXSourcesBuildPhase section */
		1D60588E0D05DD3D006BFB54 /* Sources */ = {
			isa = PBXSourcesBuildPhase;
			buildActionMask = 2147483647;
			files = (
				1D60589B0D05DD56006BFB54 /* main.m in Sources */,
				1D3623260D0F684500981E51 /* AppDelegate.m in Sources */,
				302D95F114D2391D003F00A1 /* MainViewController.m in Sources */,
				D89F61331CCC4091BA1E6334 /* CDVLogger.m in Sources */,
				827CB5E24A2848E7B46FA492 /* IonicKeyboard.m in Sources */,
				FB84EF0241C1498CA997B3B9 /* CDVDevice.m in Sources */,
				24A527F756B74817A9401C1A /* CDVFile.m in Sources */,
				914AD6B4749F474EA4E3AA1A /* CDVLocalFilesystem.m in Sources */,
				07B4052EC8384A189AAA3A76 /* CDVAssetLibraryFilesystem.m in Sources */,
				54819D18C6BC4D4AB8EAF035 /* CDVFileTransfer.m in Sources */,
				4CF76C3F4E4F42149D759F9C /* ZipPlugin.m in Sources */,
				3280BE0969AC426B873C2ACB /* aescrypt.c in Resources */,
				0AFBDF4B570A49258583260E /* aeskey.c in Resources */,
				EC0B57AEB6724DA288B827CB /* aestab.c in Resources */,
				6C0E8D3F8D88403184703110 /* entropy.c in Resources */,
				EE182439520A443FAC7AC934 /* fileenc.c in Resources */,
				9B64771951594076BA00A6D8 /* hmac.c in Resources */,
				E26AB27EC9E84836A8657603 /* prng.c in Resources */,
				12D14DD6DFCE457887B0639B /* pwd2key.c in Resources */,
				18B011AB9ED74041B48D8CD4 /* sha1.c in Resources */,
				6E49CF9F56884CB5BC89C8D3 /* SSZipArchive.m in Sources */,
				133F68C421CC4A78A02F5530 /* zip.c in Resources */,
				9BCE53E376FC4F7795B60FF0 /* unzip.c in Resources */,
				7865F0D82AEC45859F23E400 /* mztools.c in Resources */,
				26B75CD8D5064E979011C8FA /* ioapi.c in Resources */,
				9AEDE9C1E00944149F98D247 /* CDVNotification.m in Sources */,
				EDFBD7BDF87D49EEB553DF51 /* CDVWKWebViewEngine+CodePush.m in Sources */,
				3D80AA4AF6674E1D8AE7B5B5 /* CodePush.m in Sources */,
				9DE68611E2B94BDD93A9EA18 /* CodePushPackageMetadata.m in Sources */,
				576F830684BC4E8D863F9975 /* CodePushPackageManager.m in Sources */,
				BB20C5903BCD44479C95E44F /* CodePushReportingManager.m in Sources */,
				B7F45A9FAF8F492BA24F49B1 /* InstallOptions.m in Sources */,
				D959C0517328404780A8E4B6 /* StatusReport.m in Sources */,
				34D8EAFD61214D74AC96B5DE /* UpdateHashUtils.m in Sources */,
				DA7B7056BA7046E2A62A3D86 /* Utilities.m in Sources */,
				E680E7B0E9064319B606ECDD /* UIImage+CropScaleOrientation.m in Sources */,
				7A31522908904B6688477E47 /* CDVCamera.m in Sources */,
				F9362B1E39B74802AC0216B0 /* CDVJpegHeaderWriter.m in Sources */,
				0C37937134954F9D84F82BD4 /* CDVLocation.m in Sources */,
			);
			runOnlyForDeploymentPostprocessing = 0;
		};
/* End PBXSourcesBuildPhase section */

/* Begin PBXTargetDependency section */
		301BF551109A68C00062928A /* PBXTargetDependency */ = {
			isa = PBXTargetDependency;
			name = CordovaLib;
			targetProxy = 301BF550109A68C00062928A /* PBXContainerItemProxy */;
		};
/* End PBXTargetDependency section */

/* Begin XCBuildConfiguration section */
		1D6058940D05DD3E006BFB54 /* Debug */ = {
			isa = XCBuildConfiguration;
			baseConfigurationReference = 3047A50F1AB8059700498E2A /* build-debug.xcconfig */;
			buildSettings = {
				ALWAYS_SEARCH_USER_PATHS = NO;
				ASSETCATALOG_COMPILER_APPICON_NAME = AppIcon;
				ASSETCATALOG_COMPILER_LAUNCHIMAGE_NAME = LaunchImage;
				CLANG_ENABLE_MODULES = YES;
				CLANG_ENABLE_OBJC_ARC = YES;
				COPY_PHASE_STRIP = NO;
				GCC_DYNAMIC_NO_PIC = NO;
				GCC_OPTIMIZATION_LEVEL = 0;
				GCC_PRECOMPILE_PREFIX_HEADER = YES;
				GCC_PREFIX_HEADER = "myWell/myWell-Prefix.pch";
				GCC_THUMB_SUPPORT = NO;
				GCC_VERSION = "";
				INFOPLIST_FILE = "myWell/myWell-Info.plist";
				LD_RUNPATH_SEARCH_PATHS = "@executable_path/Frameworks";
				PRODUCT_NAME = "myWell";
			};
			name = Debug;
		};
		1D6058950D05DD3E006BFB54 /* Release */ = {
			isa = XCBuildConfiguration;
			baseConfigurationReference = 3047A5101AB8059700498E2A /* build-release.xcconfig */;
			buildSettings = {
				ALWAYS_SEARCH_USER_PATHS = NO;
				ASSETCATALOG_COMPILER_APPICON_NAME = AppIcon;
				ASSETCATALOG_COMPILER_LAUNCHIMAGE_NAME = LaunchImage;
				CLANG_ENABLE_MODULES = YES;
				CLANG_ENABLE_OBJC_ARC = YES;
				COPY_PHASE_STRIP = YES;
				GCC_PRECOMPILE_PREFIX_HEADER = YES;
				GCC_PREFIX_HEADER = "myWell/myWell-Prefix.pch";
				GCC_THUMB_SUPPORT = NO;
				GCC_VERSION = "";
				INFOPLIST_FILE = "myWell/myWell-Info.plist";
				PRODUCT_NAME = "myWell";
			};
			name = Release;
		};
		C01FCF4F08A954540054247B /* Debug */ = {
			isa = XCBuildConfiguration;
			baseConfigurationReference = 3047A5111AB8059700498E2A /* build.xcconfig */;
			buildSettings = {
				CLANG_ENABLE_MODULES = YES;
				CLANG_ENABLE_OBJC_ARC = YES;
				CLANG_WARN_BOOL_CONVERSION = YES;
				CLANG_WARN_CONSTANT_CONVERSION = YES;
				CLANG_WARN_EMPTY_BODY = YES;
				CLANG_WARN_ENUM_CONVERSION = YES;
				CLANG_WARN_INT_CONVERSION = YES;
				CLANG_WARN__DUPLICATE_METHOD_MATCH = YES;
				GCC_C_LANGUAGE_STANDARD = c99;
				GCC_THUMB_SUPPORT = NO;
				GCC_VERSION = "";
				GCC_WARN_ABOUT_RETURN_TYPE = YES;
				GCC_WARN_UNDECLARED_SELECTOR = YES;
				GCC_WARN_UNINITIALIZED_AUTOS = YES;
				GCC_WARN_UNUSED_FUNCTION = YES;
				GCC_WARN_UNUSED_VARIABLE = YES;
				ONLY_ACTIVE_ARCH = YES;
				SDKROOT = iphoneos;
				SKIP_INSTALL = NO;
			};
			name = Debug;
		};
		C01FCF5008A954540054247B /* Release */ = {
			isa = XCBuildConfiguration;
			baseConfigurationReference = 3047A5111AB8059700498E2A /* build.xcconfig */;
			buildSettings = {
				CLANG_ENABLE_MODULES = YES;
				CLANG_ENABLE_OBJC_ARC = YES;
				CLANG_WARN_BOOL_CONVERSION = YES;
				CLANG_WARN_CONSTANT_CONVERSION = YES;
				CLANG_WARN_EMPTY_BODY = YES;
				CLANG_WARN_ENUM_CONVERSION = YES;
				CLANG_WARN_INT_CONVERSION = YES;
				CLANG_WARN__DUPLICATE_METHOD_MATCH = YES;
				GCC_C_LANGUAGE_STANDARD = c99;
				GCC_THUMB_SUPPORT = NO;
				GCC_VERSION = "";
				GCC_WARN_ABOUT_RETURN_TYPE = YES;
				GCC_WARN_UNDECLARED_SELECTOR = YES;
				GCC_WARN_UNINITIALIZED_AUTOS = YES;
				GCC_WARN_UNUSED_FUNCTION = YES;
				GCC_WARN_UNUSED_VARIABLE = YES;
				SDKROOT = iphoneos;
				SKIP_INSTALL = NO;
			};
			name = Release;
		};
/* End XCBuildConfiguration section */

/* Begin XCConfigurationList section */
		1D6058960D05DD3E006BFB54 /* Build configuration list for PBXNativeTarget "myWell" */ = {
			isa = XCConfigurationList;
			buildConfigurations = (
				1D6058940D05DD3E006BFB54 /* Debug */,
				1D6058950D05DD3E006BFB54 /* Release */,
			);
			defaultConfigurationIsVisible = 0;
			defaultConfigurationName = Release;
		};
		C01FCF4E08A954540054247B /* Build configuration list for PBXProject "__NON-CLI__" */ = {
			isa = XCConfigurationList;
			buildConfigurations = (
				C01FCF4F08A954540054247B /* Debug */,
				C01FCF5008A954540054247B /* Release */,
			);
			defaultConfigurationIsVisible = 0;
			defaultConfigurationName = Release;
		};
/* End XCConfigurationList section */
	};
	rootObject = 29B97313FDCFA39411CA2CEA /* Project object */;
}
